{
  "pins" : [
    {
      "identity" : "launchboarding",
      "kind" : "remoteSourceControl",
      "location" : "https://github.com/0xilis/LaunchBoarding",
      "state" : {
        "branch" : "master",
        "revision" : "1b5073a49c9d0180829e1bf94d83d796d4469a3a"
      }
    }
  ],
  "version" : 2
}
