{
  "pins" : [
    {
      "identity" : "launchboarding",
      "kind" : "remoteSourceControl",
      "location" : "https://github.com/0xilis/LaunchBoarding",
      "state" : {
        "branch" : "master",
        "revision" : "a36c9e383091dc5285f4debf1ad4f8e0a9fd7271"
      }
    }
  ],
  "version" : 2
}
