// !$*UTF8*$!
{
	archiveVersion = 1;
	classes = {
	};
	objectVersion = 55;
	objects = {

/* Begin PBXBuildFile section */
		B0271F1E2DD974B80085EF03 /* CreditsViewController.swift in Sources */ = {isa = PBXBuildFile; fileRef = B0271F1D2DD974B80085EF03 /* CreditsViewController.swift */; };
		B0271F1F2DD974B80085EF03 /* CreditsViewController.swift in Sources */ = {isa = PBXBuildFile; fileRef = B0271F1D2DD974B80085EF03 /* CreditsViewController.swift */; };
		B0271F212DDA56CD0085EF03 /* UIOnboardingHelper.swift in Sources */ = {isa = PBXBuildFile; fileRef = B0271F202DDA56CD0085EF03 /* UIOnboardingHelper.swift */; };
		B0271F222DDA56CD0085EF03 /* UIOnboardingHelper.swift in Sources */ = {isa = PBXBuildFile; fileRef = B0271F202DDA56CD0085EF03 /* UIOnboardingHelper.swift */; };
		B0271F252DDA57030085EF03 /* UIOnboarding in Frameworks */ = {isa = PBXBuildFile; productRef = B0271F242DDA57030085EF03 /* UIOnboarding */; };
		B0271F272DDA8E220085EF03 /* UIOnboarding in Frameworks */ = {isa = PBXBuildFile; productRef = B0271F262DDA8E220085EF03 /* UIOnboarding */; };
		B0271F292DDA98EC0085EF03 /* AEAProfile0Handler.swift in Sources */ = {isa = PBXBuildFile; fileRef = B0271F282DDA98EC0085EF03 /* AEAProfile0Handler.swift */; };
		B0271F2A2DDA98EC0085EF03 /* AEAProfile0Handler.swift in Sources */ = {isa = PBXBuildFile; fileRef = B0271F282DDA98EC0085EF03 /* AEAProfile0Handler.swift */; };
		B03074242DED496E00AA3D6F /* libNeoAppleArchive.dylib in Frameworks */ = {isa = PBXBuildFile; fileRef = B08D03F02DD935D8003847D7 /* libNeoAppleArchive.dylib */; };
		B03074252DED496E00AA3D6F /* libNeoAppleArchive.dylib in Embed Libraries */ = {isa = PBXBuildFile; fileRef = B08D03F02DD935D8003847D7 /* libNeoAppleArchive.dylib */; settings = {ATTRIBUTES = (CodeSignOnCopy, ); }; };
		B03C700A2DEF8AD200FAF77D /* AppColorSchemeManager.swift in Sources */ = {isa = PBXBuildFile; fileRef = B03C70092DEF8AD100FAF77D /* AppColorSchemeManager.swift */; };
		B03C700B2DEF8AD200FAF77D /* AppColorSchemeManager.swift in Sources */ = {isa = PBXBuildFile; fileRef = B03C70092DEF8AD100FAF77D /* AppColorSchemeManager.swift */; };
		B057E62B2DEFCE1000E67BB5 /* libNeoAppleArchive.dylib in Frameworks */ = {isa = PBXBuildFile; fileRef = B08D03F52DD93A60003847D7 /* libNeoAppleArchive.dylib */; };
		B057E62C2DEFCE1000E67BB5 /* libNeoAppleArchive.dylib in Embed Libraries */ = {isa = PBXBuildFile; fileRef = B08D03F52DD93A60003847D7 /* libNeoAppleArchive.dylib */; settings = {ATTRIBUTES = (CodeSignOnCopy, ); }; };
		B0626DA52DE6743D0012B7F9 /* NeoAppleArchive.framework in Frameworks */ = {isa = PBXBuildFile; fileRef = B0626DA42DE6743D0012B7F9 /* NeoAppleArchive.framework */; };
		B0626DA62DE6743D0012B7F9 /* NeoAppleArchive.framework in Embed Frameworks */ = {isa = PBXBuildFile; fileRef = B0626DA42DE6743D0012B7F9 /* NeoAppleArchive.framework */; settings = {ATTRIBUTES = (CodeSignOnCopy, RemoveHeadersOnCopy, ); }; };
		B075939F2DE6A7BB000C7977 /* Intents.intentdefinition in Sources */ = {isa = PBXBuildFile; fileRef = B0626DA82DE690830012B7F9 /* Intents.intentdefinition */; };
		B07593A02DE6A7BB000C7977 /* Intents.intentdefinition in Sources */ = {isa = PBXBuildFile; fileRef = B0626DA82DE690830012B7F9 /* Intents.intentdefinition */; };
		B08D03B02DD920BD003847D7 /* AppDelegate.swift in Sources */ = {isa = PBXBuildFile; fileRef = B08D03AF2DD920BD003847D7 /* AppDelegate.swift */; };
		B08D03B42DD920BD003847D7 /* CreateArchiveViewController.swift in Sources */ = {isa = PBXBuildFile; fileRef = B08D03B32DD920BD003847D7 /* CreateArchiveViewController.swift */; };
		B08D03B92DD920C3003847D7 /* Assets.xcassets in Resources */ = {isa = PBXBuildFile; fileRef = B08D03B82DD920C3003847D7 /* Assets.xcassets */; };
		B08D03BC2DD920C3003847D7 /* LaunchScreen.storyboard in Resources */ = {isa = PBXBuildFile; fileRef = B08D03BA2DD920C3003847D7 /* LaunchScreen.storyboard */; };
		B08D03DB2DD92DD0003847D7 /* ExtractArchiveViewController.swift in Sources */ = {isa = PBXBuildFile; fileRef = B08D03DA2DD92DD0003847D7 /* ExtractArchiveViewController.swift */; };
		B08D03DE2DD92E57003847D7 /* ExtractArchiveViewController.swift in Sources */ = {isa = PBXBuildFile; fileRef = B08D03DA2DD92DD0003847D7 /* ExtractArchiveViewController.swift */; };
		B08D03DF2DD92E57003847D7 /* CreateArchiveViewController.swift in Sources */ = {isa = PBXBuildFile; fileRef = B08D03B32DD920BD003847D7 /* CreateArchiveViewController.swift */; };
		B08D03E02DD92E57003847D7 /* AppDelegate.swift in Sources */ = {isa = PBXBuildFile; fileRef = B08D03AF2DD920BD003847D7 /* AppDelegate.swift */; };
		B08D03E42DD92E57003847D7 /* LaunchScreen.storyboard in Resources */ = {isa = PBXBuildFile; fileRef = B08D03BA2DD920C3003847D7 /* LaunchScreen.storyboard */; };
		B08D03E52DD92E57003847D7 /* Assets.xcassets in Resources */ = {isa = PBXBuildFile; fileRef = B08D03B82DD920C3003847D7 /* Assets.xcassets */; };
		B08D2EEA2DEA167500CC7805 /* ExtractAARShortcutsActionHandler.swift in Sources */ = {isa = PBXBuildFile; fileRef = B08D2EE92DEA167500CC7805 /* ExtractAARShortcutsActionHandler.swift */; };
		B08D2EED2DEA189300CC7805 /* ExtractAARShortcutsActionHandler.swift in Sources */ = {isa = PBXBuildFile; fileRef = B08D2EE92DEA167500CC7805 /* ExtractAARShortcutsActionHandler.swift */; };
		B08D2EEE2DEA189300CC7805 /* ExtractAARShortcutsActionHandler.swift in Sources */ = {isa = PBXBuildFile; fileRef = B08D2EE92DEA167500CC7805 /* ExtractAARShortcutsActionHandler.swift */; };
		B09870242DE7815E007F64B5 /* Intents.framework in Frameworks */ = {isa = PBXBuildFile; fileRef = B075938C2DE6A5BD000C7977 /* Intents.framework */; };
		B098702B2DE7815E007F64B5 /* LinaIntents.appex in Embed App Extensions */ = {isa = PBXBuildFile; fileRef = B09870232DE7815D007F64B5 /* LinaIntents.appex */; settings = {ATTRIBUTES = (RemoveHeadersOnCopy, ); }; };
		B09870312DE7822D007F64B5 /* CreateArchiveShortcutsActionHandler.swift in Sources */ = {isa = PBXBuildFile; fileRef = B0626DAB2DE693430012B7F9 /* CreateArchiveShortcutsActionHandler.swift */; };
		B09870322DE78234007F64B5 /* Intents.intentdefinition in Sources */ = {isa = PBXBuildFile; fileRef = B0626DA82DE690830012B7F9 /* Intents.intentdefinition */; };
		B09870342DE78248007F64B5 /* IntentHandler.swift in Sources */ = {isa = PBXBuildFile; fileRef = B09870332DE78248007F64B5 /* IntentHandler.swift */; };
		B09870352DE7826E007F64B5 /* CreateArchiveShortcutsActionHandler.swift in Sources */ = {isa = PBXBuildFile; fileRef = B0626DAB2DE693430012B7F9 /* CreateArchiveShortcutsActionHandler.swift */; };
		B09870362DE7826E007F64B5 /* CreateArchiveShortcutsActionHandler.swift in Sources */ = {isa = PBXBuildFile; fileRef = B0626DAB2DE693430012B7F9 /* CreateArchiveShortcutsActionHandler.swift */; };
		B09870372DE782B6007F64B5 /* LinaIntents.appex in Embed App Extensions */ = {isa = PBXBuildFile; fileRef = B09870232DE7815D007F64B5 /* LinaIntents.appex */; platformFilter = ios; settings = {ATTRIBUTES = (RemoveHeadersOnCopy, ); }; };
		B0C8AA0C2DECB6B500590D6E /* CreateAEAShortcutsActionHandler.swift in Sources */ = {isa = PBXBuildFile; fileRef = B0C8AA092DECB6B500590D6E /* CreateAEAShortcutsActionHandler.swift */; };
		B0C8AA0E2DECB70900590D6E /* ExtractAEAShortcutsActionHandler.swift in Sources */ = {isa = PBXBuildFile; fileRef = B0C8AA0D2DECB70900590D6E /* ExtractAEAShortcutsActionHandler.swift */; };
		B0E9ADDE2DEEA5D600A32EF6 /* VerifyAEAViewController.swift in Sources */ = {isa = PBXBuildFile; fileRef = B0E9ADDD2DEEA5D600A32EF6 /* VerifyAEAViewController.swift */; };
		B0E9ADDF2DEEA5D600A32EF6 /* VerifyAEAViewController.swift in Sources */ = {isa = PBXBuildFile; fileRef = B0E9ADDD2DEEA5D600A32EF6 /* VerifyAEAViewController.swift */; };
/* End PBXBuildFile section */

/* Begin PBXContainerItemProxy section */
		B09870292DE7815E007F64B5 /* PBXContainerItemProxy */ = {
			isa = PBXContainerItemProxy;
			containerPortal = B08D03A42DD920BD003847D7 /* Project object */;
			proxyType = 1;
			remoteGlobalIDString = B09870222DE7815D007F64B5;
			remoteInfo = LinaIntents;
		};
		B09870382DE782B6007F64B5 /* PBXContainerItemProxy */ = {
			isa = PBXContainerItemProxy;
			containerPortal = B08D03A42DD920BD003847D7 /* Project object */;
			proxyType = 1;
			remoteGlobalIDString = B09870222DE7815D007F64B5;
			remoteInfo = LinaIntents;
		};
/* End PBXContainerItemProxy section */

/* Begin PBXCopyFilesBuildPhase section */
		B03074262DED496E00AA3D6F /* Embed Libraries */ = {
			isa = PBXCopyFilesBuildPhase;
			buildActionMask = 2147483647;
			dstPath = "";
			dstSubfolderSpec = 10;
			files = (
				B03074252DED496E00AA3D6F /* libNeoAppleArchive.dylib in Embed Libraries */,
			);
			name = "Embed Libraries";
			runOnlyForDeploymentPostprocessing = 0;
		};
		B057E62D2DEFCE1000E67BB5 /* Embed Libraries */ = {
			isa = PBXCopyFilesBuildPhase;
			buildActionMask = 2147483647;
			dstPath = "";
			dstSubfolderSpec = 10;
			files = (
				B057E62C2DEFCE1000E67BB5 /* libNeoAppleArchive.dylib in Embed Libraries */,
			);
			name = "Embed Libraries";
			runOnlyForDeploymentPostprocessing = 0;
		};
		B0626DA72DE6743D0012B7F9 /* Embed Frameworks */ = {
			isa = PBXCopyFilesBuildPhase;
			buildActionMask = 2147483647;
			dstPath = "";
			dstSubfolderSpec = 10;
			files = (
				B0626DA62DE6743D0012B7F9 /* NeoAppleArchive.framework in Embed Frameworks */,
			);
			name = "Embed Frameworks";
			runOnlyForDeploymentPostprocessing = 0;
		};
		B07593982DE6A5BD000C7977 /* Embed App Extensions */ = {
			isa = PBXCopyFilesBuildPhase;
			buildActionMask = 2147483647;
			dstPath = "";
			dstSubfolderSpec = 13;
			files = (
				B098702B2DE7815E007F64B5 /* LinaIntents.appex in Embed App Extensions */,
			);
			name = "Embed App Extensions";
			runOnlyForDeploymentPostprocessing = 0;
		};
		B07593A42DE6A8BB000C7977 /* Embed App Extensions */ = {
			isa = PBXCopyFilesBuildPhase;
			buildActionMask = 2147483647;
			dstPath = "";
			dstSubfolderSpec = 13;
			files = (
				B09870372DE782B6007F64B5 /* LinaIntents.appex in Embed App Extensions */,
			);
			name = "Embed App Extensions";
			runOnlyForDeploymentPostprocessing = 0;
		};
/* End PBXCopyFilesBuildPhase section */

/* Begin PBXFileReference section */
		B0271F1D2DD974B80085EF03 /* CreditsViewController.swift */ = {isa = PBXFileReference; lastKnownFileType = sourcecode.swift; path = CreditsViewController.swift; sourceTree = "<group>"; };
		B0271F202DDA56CD0085EF03 /* UIOnboardingHelper.swift */ = {isa = PBXFileReference; lastKnownFileType = sourcecode.swift; path = UIOnboardingHelper.swift; sourceTree = "<group>"; };
		B0271F282DDA98EC0085EF03 /* AEAProfile0Handler.swift */ = {isa = PBXFileReference; lastKnownFileType = sourcecode.swift; path = AEAProfile0Handler.swift; sourceTree = "<group>"; };
		B03074102DED37EF00AA3D6F /* LinaIntents.entitlements */ = {isa = PBXFileReference; lastKnownFileType = text.plist.entitlements; path = LinaIntents.entitlements; sourceTree = "<group>"; };
		B03074112DED3C3900AA3D6F /* libNeoAppleArchive.dylib */ = {isa = PBXFileReference; lastKnownFileType = "compiled.mach-o.dylib"; name = libNeoAppleArchive.dylib; path = "Lina/Libraries/macosx-x86_64/libNeoAppleArchive.dylib"; sourceTree = "<group>"; };
		B03074152DED3DC800AA3D6F /* libNeoAppleArchive.a */ = {isa = PBXFileReference; lastKnownFileType = archive.ar; name = libNeoAppleArchive.a; path = "Lina/Libraries/macosx-x86_64/libNeoAppleArchive.a"; sourceTree = "<group>"; };
		B030742D2DEE6AFC00AA3D6F /* NeoAppleArchive */ = {isa = PBXFileReference; lastKnownFileType = "compiled.mach-o.dylib"; name = NeoAppleArchive; path = Lina/Libraries/NeoAppleArchive.framework/NeoAppleArchive; sourceTree = "<group>"; };
		B03C70092DEF8AD100FAF77D /* AppColorSchemeManager.swift */ = {isa = PBXFileReference; lastKnownFileType = sourcecode.swift; path = AppColorSchemeManager.swift; sourceTree = "<group>"; };
		B0626DA42DE6743D0012B7F9 /* NeoAppleArchive.framework */ = {isa = PBXFileReference; lastKnownFileType = wrapper.framework; name = NeoAppleArchive.framework; path = Lina/Libraries/NeoAppleArchive.framework; sourceTree = "<group>"; };
		B0626DA82DE690830012B7F9 /* Intents.intentdefinition */ = {isa = PBXFileReference; lastKnownFileType = file.intentdefinition; path = Intents.intentdefinition; sourceTree = "<group>"; };
		B0626DAB2DE693430012B7F9 /* CreateArchiveShortcutsActionHandler.swift */ = {isa = PBXFileReference; lastKnownFileType = sourcecode.swift; path = CreateArchiveShortcutsActionHandler.swift; sourceTree = "<group>"; };
		B075938C2DE6A5BD000C7977 /* Intents.framework */ = {isa = PBXFileReference; lastKnownFileType = wrapper.framework; name = Intents.framework; path = System/Library/Frameworks/Intents.framework; sourceTree = SDKROOT; };
		B07593A52DE6A947000C7977 /* Lina Simulator.entitlements */ = {isa = PBXFileReference; lastKnownFileType = text.plist.entitlements; path = "Lina Simulator.entitlements"; sourceTree = "<group>"; };
		B07F36B32DECF63E0013BA8C /* Lina.xcodeproj */ = {isa = PBXFileReference; lastKnownFileType = "wrapper.pb-project"; path = Lina.xcodeproj; sourceTree = "<group>"; };
		B08D03AC2DD920BD003847D7 /* Lina.app */ = {isa = PBXFileReference; explicitFileType = wrapper.application; includeInIndex = 0; path = Lina.app; sourceTree = BUILT_PRODUCTS_DIR; };
		B08D03AF2DD920BD003847D7 /* AppDelegate.swift */ = {isa = PBXFileReference; lastKnownFileType = sourcecode.swift; path = AppDelegate.swift; sourceTree = "<group>"; };
		B08D03B32DD920BD003847D7 /* CreateArchiveViewController.swift */ = {isa = PBXFileReference; lastKnownFileType = sourcecode.swift; path = CreateArchiveViewController.swift; sourceTree = "<group>"; };
		B08D03B82DD920C3003847D7 /* Assets.xcassets */ = {isa = PBXFileReference; lastKnownFileType = folder.assetcatalog; path = Assets.xcassets; sourceTree = "<group>"; };
		B08D03BB2DD920C3003847D7 /* Base */ = {isa = PBXFileReference; lastKnownFileType = file.storyboard; name = Base; path = Base.lproj/LaunchScreen.storyboard; sourceTree = "<group>"; };
		B08D03BD2DD920C3003847D7 /* Info.plist */ = {isa = PBXFileReference; lastKnownFileType = text.plist.xml; path = Info.plist; sourceTree = "<group>"; };
		B08D03D52DD92A8C003847D7 /* libNeoAppleArchive.dylib */ = {isa = PBXFileReference; lastKnownFileType = "compiled.mach-o.dylib"; path = libNeoAppleArchive.dylib; sourceTree = "<group>"; };
		B08D03DA2DD92DD0003847D7 /* ExtractArchiveViewController.swift */ = {isa = PBXFileReference; lastKnownFileType = sourcecode.swift; path = ExtractArchiveViewController.swift; sourceTree = "<group>"; };
		B08D03EB2DD92E58003847D7 /* Lina Simulator.app */ = {isa = PBXFileReference; explicitFileType = wrapper.application; includeInIndex = 0; path = "Lina Simulator.app"; sourceTree = BUILT_PRODUCTS_DIR; };
		B08D03EC2DD92E58003847D7 /* Lina copy-Info.plist */ = {isa = PBXFileReference; lastKnownFileType = text.plist.xml; name = "Lina copy-Info.plist"; path = "/Users/zachary7829/Documents/Xcode Projects/Lina/Lina copy-Info.plist"; sourceTree = "<absolute>"; };
		B08D03F02DD935D8003847D7 /* libNeoAppleArchive.dylib */ = {isa = PBXFileReference; lastKnownFileType = "compiled.mach-o.dylib"; name = libNeoAppleArchive.dylib; path = Lina/Libraries/Simulator/libNeoAppleArchive.dylib; sourceTree = "<group>"; };
		B08D03F52DD93A60003847D7 /* libNeoAppleArchive.dylib */ = {isa = PBXFileReference; lastKnownFileType = "compiled.mach-o.dylib"; path = libNeoAppleArchive.dylib; sourceTree = "<group>"; };
		B08D2EE92DEA167500CC7805 /* ExtractAARShortcutsActionHandler.swift */ = {isa = PBXFileReference; lastKnownFileType = sourcecode.swift; path = ExtractAARShortcutsActionHandler.swift; sourceTree = "<group>"; };
		B09870232DE7815D007F64B5 /* LinaIntents.appex */ = {isa = PBXFileReference; explicitFileType = "wrapper.app-extension"; includeInIndex = 0; path = LinaIntents.appex; sourceTree = BUILT_PRODUCTS_DIR; };
		B098702F2DE78199007F64B5 /* Info.plist */ = {isa = PBXFileReference; lastKnownFileType = text.plist.xml; path = Info.plist; sourceTree = "<group>"; };
		B09870332DE78248007F64B5 /* IntentHandler.swift */ = {isa = PBXFileReference; lastKnownFileType = sourcecode.swift; path = IntentHandler.swift; sourceTree = "<group>"; };
		B098703A2DE78578007F64B5 /* Lina.entitlements */ = {isa = PBXFileReference; lastKnownFileType = text.plist.entitlements; path = Lina.entitlements; sourceTree = "<group>"; };
		B0C8AA092DECB6B500590D6E /* CreateAEAShortcutsActionHandler.swift */ = {isa = PBXFileReference; lastKnownFileType = sourcecode.swift; path = CreateAEAShortcutsActionHandler.swift; sourceTree = "<group>"; };
		B0C8AA0D2DECB70900590D6E /* ExtractAEAShortcutsActionHandler.swift */ = {isa = PBXFileReference; lastKnownFileType = sourcecode.swift; path = ExtractAEAShortcutsActionHandler.swift; sourceTree = "<group>"; };
		B0E9ADDD2DEEA5D600A32EF6 /* VerifyAEAViewController.swift */ = {isa = PBXFileReference; lastKnownFileType = sourcecode.swift; path = VerifyAEAViewController.swift; sourceTree = "<group>"; };
		B0E9ADE32DEEA70F00A32EF6 /* libNeoAppleArchive.dylib */ = {isa = PBXFileReference; lastKnownFileType = "compiled.mach-o.dylib"; name = libNeoAppleArchive.dylib; path = "Lina/Libraries/Simulator-debug/libNeoAppleArchive.dylib"; sourceTree = "<group>"; };
/* End PBXFileReference section */

/* Begin PBXFrameworksBuildPhase section */
		B08D03A92DD920BD003847D7 /* Frameworks */ = {
			isa = PBXFrameworksBuildPhase;
			buildActionMask = 2147483647;
			files = (
				B0271F252DDA57030085EF03 /* UIOnboarding in Frameworks */,
				B0626DA52DE6743D0012B7F9 /* NeoAppleArchive.framework in Frameworks */,
			);
			runOnlyForDeploymentPostprocessing = 0;
		};
		B08D03E12DD92E57003847D7 /* Frameworks */ = {
			isa = PBXFrameworksBuildPhase;
			buildActionMask = 2147483647;
			files = (
				B0271F272DDA8E220085EF03 /* UIOnboarding in Frameworks */,
				B03074242DED496E00AA3D6F /* libNeoAppleArchive.dylib in Frameworks */,
			);
			runOnlyForDeploymentPostprocessing = 0;
		};
		B09870202DE7815D007F64B5 /* Frameworks */ = {
			isa = PBXFrameworksBuildPhase;
			buildActionMask = 2147483647;
			files = (
				B09870242DE7815E007F64B5 /* Intents.framework in Frameworks */,
				B057E62B2DEFCE1000E67BB5 /* libNeoAppleArchive.dylib in Frameworks */,
			);
			runOnlyForDeploymentPostprocessing = 0;
		};
/* End PBXFrameworksBuildPhase section */

/* Begin PBXGroup section */
		B075938E2DE6A5BD000C7977 /* LinaIntents */ = {
			isa = PBXGroup;
			children = (
				B03074102DED37EF00AA3D6F /* LinaIntents.entitlements */,
				B0626DA82DE690830012B7F9 /* Intents.intentdefinition */,
				B0C8AA092DECB6B500590D6E /* CreateAEAShortcutsActionHandler.swift */,
				B0626DAB2DE693430012B7F9 /* CreateArchiveShortcutsActionHandler.swift */,
				B098702F2DE78199007F64B5 /* Info.plist */,
				B09870332DE78248007F64B5 /* IntentHandler.swift */,
				B08D2EE92DEA167500CC7805 /* ExtractAARShortcutsActionHandler.swift */,
				B0C8AA0D2DECB70900590D6E /* ExtractAEAShortcutsActionHandler.swift */,
			);
			path = LinaIntents;
			sourceTree = "<group>";
		};
		B07F36B42DECF63E0013BA8C /* Products */ = {
			isa = PBXGroup;
			name = Products;
			sourceTree = "<group>";
		};
		B08D03A32DD920BD003847D7 = {
			isa = PBXGroup;
			children = (
				B07593A52DE6A947000C7977 /* Lina Simulator.entitlements */,
				B08D03AE2DD920BD003847D7 /* Lina */,
				B075938E2DE6A5BD000C7977 /* LinaIntents */,
				B08D03AD2DD920BD003847D7 /* Products */,
				B08D03EC2DD92E58003847D7 /* Lina copy-Info.plist */,
				B08D03ED2DD92F1E003847D7 /* Frameworks */,
			);
			sourceTree = "<group>";
		};
		B08D03AD2DD920BD003847D7 /* Products */ = {
			isa = PBXGroup;
			children = (
				B08D03AC2DD920BD003847D7 /* Lina.app */,
				B08D03EB2DD92E58003847D7 /* Lina Simulator.app */,
				B09870232DE7815D007F64B5 /* LinaIntents.appex */,
			);
			name = Products;
			sourceTree = "<group>";
		};
		B08D03AE2DD920BD003847D7 /* Lina */ = {
			isa = PBXGroup;
			children = (
				B098703A2DE78578007F64B5 /* Lina.entitlements */,
				B08D03D92DD92BDC003847D7 /* Modules */,
				B08D03D42DD92A8C003847D7 /* Libraries */,
				B08D03AF2DD920BD003847D7 /* AppDelegate.swift */,
				B08D03B32DD920BD003847D7 /* CreateArchiveViewController.swift */,
				B08D03B82DD920C3003847D7 /* Assets.xcassets */,
				B08D03BA2DD920C3003847D7 /* LaunchScreen.storyboard */,
				B08D03BD2DD920C3003847D7 /* Info.plist */,
				B08D03DA2DD92DD0003847D7 /* ExtractArchiveViewController.swift */,
				B0271F1D2DD974B80085EF03 /* CreditsViewController.swift */,
				B0271F202DDA56CD0085EF03 /* UIOnboardingHelper.swift */,
				B0271F282DDA98EC0085EF03 /* AEAProfile0Handler.swift */,
				B0E9ADDD2DEEA5D600A32EF6 /* VerifyAEAViewController.swift */,
				B03C70092DEF8AD100FAF77D /* AppColorSchemeManager.swift */,
			);
			path = Lina;
			sourceTree = "<group>";
		};
		B08D03D42DD92A8C003847D7 /* Libraries */ = {
			isa = PBXGroup;
			children = (
				B08D03F42DD93A60003847D7 /* Simulator */,
				B08D03D52DD92A8C003847D7 /* libNeoAppleArchive.dylib */,
			);
			path = Libraries;
			sourceTree = "<group>";
		};
		B08D03D92DD92BDC003847D7 /* Modules */ = {
			isa = PBXGroup;
			children = (
			);
			path = Modules;
			sourceTree = "<group>";
		};
		B08D03ED2DD92F1E003847D7 /* Frameworks */ = {
			isa = PBXGroup;
			children = (
				B0E9ADE32DEEA70F00A32EF6 /* libNeoAppleArchive.dylib */,
				B030742D2DEE6AFC00AA3D6F /* NeoAppleArchive */,
				B03074152DED3DC800AA3D6F /* libNeoAppleArchive.a */,
				B03074112DED3C3900AA3D6F /* libNeoAppleArchive.dylib */,
				B07F36B32DECF63E0013BA8C /* Lina.xcodeproj */,
				B0626DA42DE6743D0012B7F9 /* NeoAppleArchive.framework */,
				B08D03F02DD935D8003847D7 /* libNeoAppleArchive.dylib */,
				B075938C2DE6A5BD000C7977 /* Intents.framework */,
			);
			name = Frameworks;
			sourceTree = "<group>";
		};
		B08D03F42DD93A60003847D7 /* Simulator */ = {
			isa = PBXGroup;
			children = (
				B08D03F52DD93A60003847D7 /* libNeoAppleArchive.dylib */,
			);
			path = Simulator;
			sourceTree = "<group>";
		};
/* End PBXGroup section */

/* Begin PBXNativeTarget section */
		B08D03AB2DD920BD003847D7 /* Lina */ = {
			isa = PBXNativeTarget;
			buildConfigurationList = B08D03C02DD920C3003847D7 /* Build configuration list for PBXNativeTarget "Lina" */;
			buildPhases = (
				B08D03A82DD920BD003847D7 /* Sources */,
				B08D03A92DD920BD003847D7 /* Frameworks */,
				B08D03AA2DD920BD003847D7 /* Resources */,
				B0626DA72DE6743D0012B7F9 /* Embed Frameworks */,
				B07593982DE6A5BD000C7977 /* Embed App Extensions */,
			);
			buildRules = (
			);
			dependencies = (
				B098702A2DE7815E007F64B5 /* PBXTargetDependency */,
			);
			name = Lina;
			packageProductDependencies = (
				B0271F242DDA57030085EF03 /* UIOnboarding */,
			);
			productName = Lina;
			productReference = B08D03AC2DD920BD003847D7 /* Lina.app */;
			productType = "com.apple.product-type.application";
		};
		B08D03DC2DD92E57003847D7 /* Lina Simulator */ = {
			isa = PBXNativeTarget;
			buildConfigurationList = B08D03E82DD92E58003847D7 /* Build configuration list for PBXNativeTarget "Lina Simulator" */;
			buildPhases = (
				B08D03DD2DD92E57003847D7 /* Sources */,
				B08D03E12DD92E57003847D7 /* Frameworks */,
				B08D03E32DD92E57003847D7 /* Resources */,
				B07593A42DE6A8BB000C7977 /* Embed App Extensions */,
				B03074262DED496E00AA3D6F /* Embed Libraries */,
			);
			buildRules = (
			);
			dependencies = (
				B09870392DE782B6007F64B5 /* PBXTargetDependency */,
			);
			name = "Lina Simulator";
			packageProductDependencies = (
				B0271F262DDA8E220085EF03 /* UIOnboarding */,
			);
			productName = Lina;
			productReference = B08D03EB2DD92E58003847D7 /* Lina Simulator.app */;
			productType = "com.apple.product-type.application";
		};
		B09870222DE7815D007F64B5 /* LinaIntents */ = {
			isa = PBXNativeTarget;
			buildConfigurationList = B098702C2DE7815E007F64B5 /* Build configuration list for PBXNativeTarget "LinaIntents" */;
			buildPhases = (
				B098701F2DE7815D007F64B5 /* Sources */,
				B09870202DE7815D007F64B5 /* Frameworks */,
				B09870212DE7815D007F64B5 /* Resources */,
				B057E62D2DEFCE1000E67BB5 /* Embed Libraries */,
			);
			buildRules = (
			);
			dependencies = (
			);
			name = LinaIntents;
			productName = LinaIntents;
			productReference = B09870232DE7815D007F64B5 /* LinaIntents.appex */;
			productType = "com.apple.product-type.app-extension";
		};
/* End PBXNativeTarget section */

/* Begin PBXProject section */
		B08D03A42DD920BD003847D7 /* Project object */ = {
			isa = PBXProject;
			attributes = {
				BuildIndependentTargetsInParallel = 1;
				LastSwiftUpdateCheck = 1330;
				LastUpgradeCheck = 1330;
				TargetAttributes = {
					B08D03AB2DD920BD003847D7 = {
						CreatedOnToolsVersion = 13.3.1;
						LastSwiftMigration = 1330;
					};
					B09870222DE7815D007F64B5 = {
						CreatedOnToolsVersion = 13.3.1;
					};
				};
			};
			buildConfigurationList = B08D03A72DD920BD003847D7 /* Build configuration list for PBXProject "Lina" */;
			compatibilityVersion = "Xcode 13.0";
			developmentRegion = en;
			hasScannedForEncodings = 0;
			knownRegions = (
				en,
				Base,
			);
			mainGroup = B08D03A32DD920BD003847D7;
			packageReferences = (
				B0271F232DDA57030085EF03 /* XCRemoteSwiftPackageReference "UIOnboarding" */,
			);
			productRefGroup = B08D03AD2DD920BD003847D7 /* Products */;
			projectDirPath = "";
			projectReferences = (
				{
					ProductGroup = B07F36B42DECF63E0013BA8C /* Products */;
					ProjectRef = B07F36B32DECF63E0013BA8C /* Lina.xcodeproj */;
				},
			);
			projectRoot = "";
			targets = (
				B08D03AB2DD920BD003847D7 /* Lina */,
				B08D03DC2DD92E57003847D7 /* Lina Simulator */,
				B09870222DE7815D007F64B5 /* LinaIntents */,
			);
		};
/* End PBXProject section */

/* Begin PBXResourcesBuildPhase section */
		B08D03AA2DD920BD003847D7 /* Resources */ = {
			isa = PBXResourcesBuildPhase;
			buildActionMask = 2147483647;
			files = (
				B08D03BC2DD920C3003847D7 /* LaunchScreen.storyboard in Resources */,
				B08D03B92DD920C3003847D7 /* Assets.xcassets in Resources */,
			);
			runOnlyForDeploymentPostprocessing = 0;
		};
		B08D03E32DD92E57003847D7 /* Resources */ = {
			isa = PBXResourcesBuildPhase;
			buildActionMask = 2147483647;
			files = (
				B08D03E42DD92E57003847D7 /* LaunchScreen.storyboard in Resources */,
				B08D03E52DD92E57003847D7 /* Assets.xcassets in Resources */,
			);
			runOnlyForDeploymentPostprocessing = 0;
		};
		B09870212DE7815D007F64B5 /* Resources */ = {
			isa = PBXResourcesBuildPhase;
			buildActionMask = 2147483647;
			files = (
			);
			runOnlyForDeploymentPostprocessing = 0;
		};
/* End PBXResourcesBuildPhase section */

/* Begin PBXSourcesBuildPhase section */
		B08D03A82DD920BD003847D7 /* Sources */ = {
			isa = PBXSourcesBuildPhase;
			buildActionMask = 2147483647;
			files = (
				B08D03DB2DD92DD0003847D7 /* ExtractArchiveViewController.swift in Sources */,
				B08D03B42DD920BD003847D7 /* CreateArchiveViewController.swift in Sources */,
				B0271F212DDA56CD0085EF03 /* UIOnboardingHelper.swift in Sources */,
				B03C700A2DEF8AD200FAF77D /* AppColorSchemeManager.swift in Sources */,
				B0271F292DDA98EC0085EF03 /* AEAProfile0Handler.swift in Sources */,
				B09870362DE7826E007F64B5 /* CreateArchiveShortcutsActionHandler.swift in Sources */,
				B08D03B02DD920BD003847D7 /* AppDelegate.swift in Sources */,
				B075939F2DE6A7BB000C7977 /* Intents.intentdefinition in Sources */,
				B0E9ADDE2DEEA5D600A32EF6 /* VerifyAEAViewController.swift in Sources */,
				B0271F1E2DD974B80085EF03 /* CreditsViewController.swift in Sources */,
				B08D2EEE2DEA189300CC7805 /* ExtractAARShortcutsActionHandler.swift in Sources */,
			);
			runOnlyForDeploymentPostprocessing = 0;
		};
		B08D03DD2DD92E57003847D7 /* Sources */ = {
			isa = PBXSourcesBuildPhase;
			buildActionMask = 2147483647;
			files = (
				B08D03DE2DD92E57003847D7 /* ExtractArchiveViewController.swift in Sources */,
				B08D03DF2DD92E57003847D7 /* CreateArchiveViewController.swift in Sources */,
				B0271F222DDA56CD0085EF03 /* UIOnboardingHelper.swift in Sources */,
				B03C700B2DEF8AD200FAF77D /* AppColorSchemeManager.swift in Sources */,
				B0271F2A2DDA98EC0085EF03 /* AEAProfile0Handler.swift in Sources */,
				B09870352DE7826E007F64B5 /* CreateArchiveShortcutsActionHandler.swift in Sources */,
				B08D03E02DD92E57003847D7 /* AppDelegate.swift in Sources */,
				B07593A02DE6A7BB000C7977 /* Intents.intentdefinition in Sources */,
				B0E9ADDF2DEEA5D600A32EF6 /* VerifyAEAViewController.swift in Sources */,
				B0271F1F2DD974B80085EF03 /* CreditsViewController.swift in Sources */,
				B08D2EED2DEA189300CC7805 /* ExtractAARShortcutsActionHandler.swift in Sources */,
			);
			runOnlyForDeploymentPostprocessing = 0;
		};
		B098701F2DE7815D007F64B5 /* Sources */ = {
			isa = PBXSourcesBuildPhase;
			buildActionMask = 2147483647;
			files = (
				B09870322DE78234007F64B5 /* Intents.intentdefinition in Sources */,
				B0C8AA0C2DECB6B500590D6E /* CreateAEAShortcutsActionHandler.swift in Sources */,
				B09870342DE78248007F64B5 /* IntentHandler.swift in Sources */,
				B09870312DE7822D007F64B5 /* CreateArchiveShortcutsActionHandler.swift in Sources */,
				B0C8AA0E2DECB70900590D6E /* ExtractAEAShortcutsActionHandler.swift in Sources */,
				B08D2EEA2DEA167500CC7805 /* ExtractAARShortcutsActionHandler.swift in Sources */,
			);
			runOnlyForDeploymentPostprocessing = 0;
		};
/* End PBXSourcesBuildPhase section */

/* Begin PBXTargetDependency section */
		B098702A2DE7815E007F64B5 /* PBXTargetDependency */ = {
			isa = PBXTargetDependency;
			target = B09870222DE7815D007F64B5 /* LinaIntents */;
			targetProxy = B09870292DE7815E007F64B5 /* PBXContainerItemProxy */;
		};
		B09870392DE782B6007F64B5 /* PBXTargetDependency */ = {
			isa = PBXTargetDependency;
			platformFilter = ios;
			target = B09870222DE7815D007F64B5 /* LinaIntents */;
			targetProxy = B09870382DE782B6007F64B5 /* PBXContainerItemProxy */;
		};
/* End PBXTargetDependency section */

/* Begin PBXVariantGroup section */
		B08D03BA2DD920C3003847D7 /* LaunchScreen.storyboard */ = {
			isa = PBXVariantGroup;
			children = (
				B08D03BB2DD920C3003847D7 /* Base */,
			);
			name = LaunchScreen.storyboard;
			sourceTree = "<group>";
		};
/* End PBXVariantGroup section */

/* Begin XCBuildConfiguration section */
		B08D03BE2DD920C3003847D7 /* Debug */ = {
			isa = XCBuildConfiguration;
			buildSettings = {
				ALWAYS_EMBED_SWIFT_STANDARD_LIBRARIES = YES;
				ALWAYS_SEARCH_USER_PATHS = NO;
				CLANG_ANALYZER_NONNULL = YES;
				CLANG_ANALYZER_NUMBER_OBJECT_CONVERSION = YES_AGGRESSIVE;
				CLANG_CXX_LANGUAGE_STANDARD = "gnu++17";
				CLANG_ENABLE_MODULES = YES;
				CLANG_ENABLE_OBJC_ARC = YES;
				CLANG_ENABLE_OBJC_WEAK = YES;
				CLANG_WARN_BLOCK_CAPTURE_AUTORELEASING = YES;
				CLANG_WARN_BOOL_CONVERSION = YES;
				CLANG_WARN_COMMA = YES;
				CLANG_WARN_CONSTANT_CONVERSION = YES;
				CLANG_WARN_DEPRECATED_OBJC_IMPLEMENTATIONS = YES;
				CLANG_WARN_DIRECT_OBJC_ISA_USAGE = YES_ERROR;
				CLANG_WARN_DOCUMENTATION_COMMENTS = YES;
				CLANG_WARN_EMPTY_BODY = YES;
				CLANG_WARN_ENUM_CONVERSION = YES;
				CLANG_WARN_INFINITE_RECURSION = YES;
				CLANG_WARN_INT_CONVERSION = YES;
				CLANG_WARN_NON_LITERAL_NULL_CONVERSION = YES;
				CLANG_WARN_OBJC_IMPLICIT_RETAIN_SELF = YES;
				CLANG_WARN_OBJC_LITERAL_CONVERSION = YES;
				CLANG_WARN_OBJC_ROOT_CLASS = YES_ERROR;
				CLANG_WARN_QUOTED_INCLUDE_IN_FRAMEWORK_HEADER = YES;
				CLANG_WARN_RANGE_LOOP_ANALYSIS = YES;
				CLANG_WARN_STRICT_PROTOTYPES = YES;
				CLANG_WARN_SUSPICIOUS_MOVE = YES;
				CLANG_WARN_UNGUARDED_AVAILABILITY = YES_AGGRESSIVE;
				CLANG_WARN_UNREACHABLE_CODE = YES;
				CLANG_WARN__DUPLICATE_METHOD_MATCH = YES;
				COPY_PHASE_STRIP = NO;
				DEBUG_INFORMATION_FORMAT = dwarf;
				ENABLE_STRICT_OBJC_MSGSEND = YES;
				ENABLE_TESTABILITY = YES;
				GCC_C_LANGUAGE_STANDARD = gnu11;
				GCC_DYNAMIC_NO_PIC = NO;
				GCC_NO_COMMON_BLOCKS = YES;
				GCC_OPTIMIZATION_LEVEL = 0;
				GCC_PREPROCESSOR_DEFINITIONS = (
					"DEBUG=1",
					"$(inherited)",
				);
				GCC_WARN_64_TO_32_BIT_CONVERSION = YES;
				GCC_WARN_ABOUT_RETURN_TYPE = YES_ERROR;
				GCC_WARN_UNDECLARED_SELECTOR = YES;
				GCC_WARN_UNINITIALIZED_AUTOS = YES_AGGRESSIVE;
				GCC_WARN_UNUSED_FUNCTION = YES;
				GCC_WARN_UNUSED_VARIABLE = YES;
				IPHONEOS_DEPLOYMENT_TARGET = 13.0;
				MTL_ENABLE_DEBUG_INFO = INCLUDE_SOURCE;
				MTL_FAST_MATH = YES;
				ONLY_ACTIVE_ARCH = YES;
				SDKROOT = iphoneos;
				SWIFT_ACTIVE_COMPILATION_CONDITIONS = DEBUG;
				SWIFT_OPTIMIZATION_LEVEL = "-Onone";
			};
			name = Debug;
		};
		B08D03BF2DD920C3003847D7 /* Release */ = {
			isa = XCBuildConfiguration;
			buildSettings = {
				ALWAYS_EMBED_SWIFT_STANDARD_LIBRARIES = YES;
				ALWAYS_SEARCH_USER_PATHS = NO;
				CLANG_ANALYZER_NONNULL = YES;
				CLANG_ANALYZER_NUMBER_OBJECT_CONVERSION = YES_AGGRESSIVE;
				CLANG_CXX_LANGUAGE_STANDARD = "gnu++17";
				CLANG_ENABLE_MODULES = YES;
				CLANG_ENABLE_OBJC_ARC = YES;
				CLANG_ENABLE_OBJC_WEAK = YES;
				CLANG_WARN_BLOCK_CAPTURE_AUTORELEASING = YES;
				CLANG_WARN_BOOL_CONVERSION = YES;
				CLANG_WARN_COMMA = YES;
				CLANG_WARN_CONSTANT_CONVERSION = YES;
				CLANG_WARN_DEPRECATED_OBJC_IMPLEMENTATIONS = YES;
				CLANG_WARN_DIRECT_OBJC_ISA_USAGE = YES_ERROR;
				CLANG_WARN_DOCUMENTATION_COMMENTS = YES;
				CLANG_WARN_EMPTY_BODY = YES;
				CLANG_WARN_ENUM_CONVERSION = YES;
				CLANG_WARN_INFINITE_RECURSION = YES;
				CLANG_WARN_INT_CONVERSION = YES;
				CLANG_WARN_NON_LITERAL_NULL_CONVERSION = YES;
				CLANG_WARN_OBJC_IMPLICIT_RETAIN_SELF = YES;
				CLANG_WARN_OBJC_LITERAL_CONVERSION = YES;
				CLANG_WARN_OBJC_ROOT_CLASS = YES_ERROR;
				CLANG_WARN_QUOTED_INCLUDE_IN_FRAMEWORK_HEADER = YES;
				CLANG_WARN_RANGE_LOOP_ANALYSIS = YES;
				CLANG_WARN_STRICT_PROTOTYPES = YES;
				CLANG_WARN_SUSPICIOUS_MOVE = YES;
				CLANG_WARN_UNGUARDED_AVAILABILITY = YES_AGGRESSIVE;
				CLANG_WARN_UNREACHABLE_CODE = YES;
				CLANG_WARN__DUPLICATE_METHOD_MATCH = YES;
				COPY_PHASE_STRIP = NO;
				DEBUG_INFORMATION_FORMAT = "dwarf-with-dsym";
				ENABLE_NS_ASSERTIONS = NO;
				ENABLE_STRICT_OBJC_MSGSEND = YES;
				GCC_C_LANGUAGE_STANDARD = gnu11;
				GCC_NO_COMMON_BLOCKS = YES;
				GCC_WARN_64_TO_32_BIT_CONVERSION = YES;
				GCC_WARN_ABOUT_RETURN_TYPE = YES_ERROR;
				GCC_WARN_UNDECLARED_SELECTOR = YES;
				GCC_WARN_UNINITIALIZED_AUTOS = YES_AGGRESSIVE;
				GCC_WARN_UNUSED_FUNCTION = YES;
				GCC_WARN_UNUSED_VARIABLE = YES;
				IPHONEOS_DEPLOYMENT_TARGET = 13.0;
				MTL_ENABLE_DEBUG_INFO = NO;
				MTL_FAST_MATH = YES;
				SDKROOT = iphoneos;
				SWIFT_COMPILATION_MODE = wholemodule;
				SWIFT_OPTIMIZATION_LEVEL = "-O";
				VALIDATE_PRODUCT = YES;
			};
			name = Release;
		};
		B08D03C12DD920C3003847D7 /* Debug */ = {
			isa = XCBuildConfiguration;
			buildSettings = {
				ALWAYS_EMBED_SWIFT_STANDARD_LIBRARIES = YES;
				ASSETCATALOG_COMPILER_APPICON_NAME = AppIcon;
				ASSETCATALOG_COMPILER_GLOBAL_ACCENT_COLOR_NAME = AccentColor;
				CLANG_ENABLE_MODULES = YES;
				CODE_SIGN_ENTITLEMENTS = Lina/Lina.entitlements;
				CODE_SIGN_IDENTITY = "Apple Development";
				CODE_SIGN_STYLE = Automatic;
				CURRENT_PROJECT_VERSION = 1;
				DEFINES_MODULE = YES;
				DEVELOPMENT_TEAM = RR5WP5NG77;
				ENABLE_BITCODE = NO;
				FRAMEWORK_SEARCH_PATHS = (
					"$(inherited)",
					"$(PROJECT_DIR)/Lina/Libraries",
				);
				GENERATE_INFOPLIST_FILE = YES;
				HEADER_SEARCH_PATHS = (
					"\"$(SRCROOT)/Lina/Modules\"",
					"\"$(SRCROOT)/Lina/Modules/libNeoAppleArchive\"",
				);
				INFOPLIST_FILE = Lina/Info.plist;
				INFOPLIST_KEY_CFBundleDisplayName = Lina;
				INFOPLIST_KEY_LSSupportsOpeningDocumentsInPlace = YES;
				INFOPLIST_KEY_NSSiriUsageDescription = "App needs Siri access for Siri Shortcuts actions.";
				INFOPLIST_KEY_UIApplicationSupportsIndirectInputEvents = YES;
				INFOPLIST_KEY_UILaunchStoryboardName = LaunchScreen;
				INFOPLIST_KEY_UISupportedInterfaceOrientations = "UIInterfaceOrientationPortrait UIInterfaceOrientationPortraitUpsideDown";
				INFOPLIST_KEY_UISupportedInterfaceOrientations_iPad = "UIInterfaceOrientationPortrait UIInterfaceOrientationPortraitUpsideDown UIInterfaceOrientationLandscapeLeft UIInterfaceOrientationLandscapeRight";
				INFOPLIST_KEY_UISupportedInterfaceOrientations_iPhone = "UIInterfaceOrientationPortrait UIInterfaceOrientationLandscapeLeft UIInterfaceOrientationLandscapeRight";
				IPHONEOS_DEPLOYMENT_TARGET = 13.0;
				LD_RUNPATH_SEARCH_PATHS = (
					"$(inherited)",
					"@executable_path/Frameworks",
				);
				LIBRARY_SEARCH_PATHS = (
					"$(inherited)",
					"$(PROJECT_DIR)/Lina/Libraries",
				);
				MARKETING_VERSION = 1.0;
				PRODUCT_BUNDLE_IDENTIFIER = com.0xilis.Lina;
				PRODUCT_NAME = "$(TARGET_NAME)";
				PROVISIONING_PROFILE_SPECIFIER = "";
				SWIFT_EMIT_LOC_STRINGS = YES;
				SWIFT_OBJC_BRIDGING_HEADER = "Lina/libNeoAppleArchive/Lina-Bridging-Header.h";
				SWIFT_OPTIMIZATION_LEVEL = "-Onone";
				SWIFT_VERSION = 5.0;
				TARGETED_DEVICE_FAMILY = "1,2";
			};
			name = Debug;
		};
		B08D03C22DD920C3003847D7 /* Release */ = {
			isa = XCBuildConfiguration;
			buildSettings = {
				ALWAYS_EMBED_SWIFT_STANDARD_LIBRARIES = YES;
				ASSETCATALOG_COMPILER_APPICON_NAME = AppIcon;
				ASSETCATALOG_COMPILER_GLOBAL_ACCENT_COLOR_NAME = AccentColor;
				CLANG_ENABLE_MODULES = YES;
				CODE_SIGN_ENTITLEMENTS = Lina/Lina.entitlements;
				CODE_SIGN_IDENTITY = "iPhone Distribution";
				CODE_SIGN_STYLE = Manual;
				CURRENT_PROJECT_VERSION = 1;
				DEFINES_MODULE = YES;
				DEVELOPMENT_TEAM = RR5WP5NG77;
				ENABLE_BITCODE = NO;
				FRAMEWORK_SEARCH_PATHS = (
					"$(inherited)",
					"$(PROJECT_DIR)/Lina/Libraries",
				);
				GENERATE_INFOPLIST_FILE = YES;
				HEADER_SEARCH_PATHS = (
					"\"$(SRCROOT)/Lina/Modules\"",
					"\"$(SRCROOT)/Lina/Modules/libNeoAppleArchive\"",
				);
				INFOPLIST_FILE = Lina/Info.plist;
				INFOPLIST_KEY_CFBundleDisplayName = Lina;
				INFOPLIST_KEY_LSSupportsOpeningDocumentsInPlace = YES;
				INFOPLIST_KEY_NSSiriUsageDescription = "App needs Siri access for Siri Shortcuts actions.";
				INFOPLIST_KEY_UIApplicationSupportsIndirectInputEvents = YES;
				INFOPLIST_KEY_UILaunchStoryboardName = LaunchScreen;
				INFOPLIST_KEY_UISupportedInterfaceOrientations = "UIInterfaceOrientationPortrait UIInterfaceOrientationPortraitUpsideDown";
				INFOPLIST_KEY_UISupportedInterfaceOrientations_iPad = "UIInterfaceOrientationPortrait UIInterfaceOrientationPortraitUpsideDown UIInterfaceOrientationLandscapeLeft UIInterfaceOrientationLandscapeRight";
				INFOPLIST_KEY_UISupportedInterfaceOrientations_iPhone = "UIInterfaceOrientationPortrait UIInterfaceOrientationLandscapeLeft UIInterfaceOrientationLandscapeRight";
				IPHONEOS_DEPLOYMENT_TARGET = 13.0;
				LD_RUNPATH_SEARCH_PATHS = (
					"$(inherited)",
					"@executable_path/Frameworks",
				);
				LIBRARY_SEARCH_PATHS = (
					"$(inherited)",
					"$(PROJECT_DIR)/Lina/Libraries",
				);
				MARKETING_VERSION = 1.0;
				PRODUCT_BUNDLE_IDENTIFIER = com.0xilis.Lina;
				PRODUCT_NAME = "$(TARGET_NAME)";
				PROVISIONING_PROFILE_SPECIFIER = "Lina Distribution Certificate (22/05/2025)";
				SWIFT_ACTIVE_COMPILATION_CONDITIONS = TESTFLIGHT;
				SWIFT_EMIT_LOC_STRINGS = YES;
				SWIFT_OBJC_BRIDGING_HEADER = "Lina/libNeoAppleArchive/Lina-Bridging-Header.h";
				SWIFT_VERSION = 5.0;
				TARGETED_DEVICE_FAMILY = "1,2";
			};
			name = Release;
		};
		B08D03E92DD92E58003847D7 /* Debug */ = {
			isa = XCBuildConfiguration;
			buildSettings = {
				ASSETCATALOG_COMPILER_APPICON_NAME = AppIcon;
				ASSETCATALOG_COMPILER_GLOBAL_ACCENT_COLOR_NAME = AccentColor;
				CLANG_ENABLE_MODULES = YES;
				CODE_SIGN_ENTITLEMENTS = "Lina Simulator.entitlements";
				CODE_SIGN_STYLE = Automatic;
				CURRENT_PROJECT_VERSION = 1;
				DEVELOPMENT_TEAM = RR5WP5NG77;
				GENERATE_INFOPLIST_FILE = YES;
				HEADER_SEARCH_PATHS = (
					"\"$(SRCROOT)/Lina/Modules\"",
					"\"$(SRCROOT)/Lina/Modules/libNeoAppleArchive\"",
				);
				INFOPLIST_FILE = "Lina copy-Info.plist";
				INFOPLIST_KEY_CFBundleDisplayName = Lina;
				INFOPLIST_KEY_UIApplicationSupportsIndirectInputEvents = YES;
				INFOPLIST_KEY_UILaunchStoryboardName = LaunchScreen;
				INFOPLIST_KEY_UISupportedInterfaceOrientations = "UIInterfaceOrientationPortrait UIInterfaceOrientationPortraitUpsideDown";
				INFOPLIST_KEY_UISupportedInterfaceOrientations_iPad = "UIInterfaceOrientationPortrait UIInterfaceOrientationPortraitUpsideDown UIInterfaceOrientationLandscapeLeft UIInterfaceOrientationLandscapeRight";
				INFOPLIST_KEY_UISupportedInterfaceOrientations_iPhone = "UIInterfaceOrientationPortrait UIInterfaceOrientationLandscapeLeft UIInterfaceOrientationLandscapeRight";
				IPHONEOS_DEPLOYMENT_TARGET = 13.0;
				LD_RUNPATH_SEARCH_PATHS = (
					"$(inherited)",
					"@executable_path/Frameworks",
				);
				LIBRARY_SEARCH_PATHS = (
					"$(inherited)",
					"$(PROJECT_DIR)/Lina/Libraries/Simulator",
					"$(PROJECT_DIR)/Lina/Libraries/macosx-x86_64",
				);
				MARKETING_VERSION = 1.0;
				PRODUCT_BUNDLE_IDENTIFIER = com.0xilis.Lina;
				PRODUCT_NAME = "$(TARGET_NAME)";
				SUPPORTS_MACCATALYST = NO;
				SWIFT_EMIT_LOC_STRINGS = YES;
				SWIFT_OBJC_BRIDGING_HEADER = "Lina/libNeoAppleArchive/Lina-Bridging-Header.h";
				SWIFT_OPTIMIZATION_LEVEL = "-Onone";
				SWIFT_VERSION = 5.0;
				TARGETED_DEVICE_FAMILY = "1,2";
			};
			name = Debug;
		};
		B08D03EA2DD92E58003847D7 /* Release */ = {
			isa = XCBuildConfiguration;
			buildSettings = {
				ASSETCATALOG_COMPILER_APPICON_NAME = AppIcon;
				ASSETCATALOG_COMPILER_GLOBAL_ACCENT_COLOR_NAME = AccentColor;
				CLANG_ENABLE_MODULES = YES;
				CODE_SIGN_ENTITLEMENTS = "Lina Simulator.entitlements";
				CODE_SIGN_STYLE = Automatic;
				CURRENT_PROJECT_VERSION = 1;
				DEVELOPMENT_TEAM = RR5WP5NG77;
				GENERATE_INFOPLIST_FILE = YES;
				HEADER_SEARCH_PATHS = (
					"\"$(SRCROOT)/Lina/Modules\"",
					"\"$(SRCROOT)/Lina/Modules/libNeoAppleArchive\"",
				);
				INFOPLIST_FILE = "Lina copy-Info.plist";
				INFOPLIST_KEY_CFBundleDisplayName = Lina;
				INFOPLIST_KEY_UIApplicationSupportsIndirectInputEvents = YES;
				INFOPLIST_KEY_UILaunchStoryboardName = LaunchScreen;
				INFOPLIST_KEY_UISupportedInterfaceOrientations = "UIInterfaceOrientationPortrait UIInterfaceOrientationPortraitUpsideDown";
				INFOPLIST_KEY_UISupportedInterfaceOrientations_iPad = "UIInterfaceOrientationPortrait UIInterfaceOrientationPortraitUpsideDown UIInterfaceOrientationLandscapeLeft UIInterfaceOrientationLandscapeRight";
				INFOPLIST_KEY_UISupportedInterfaceOrientations_iPhone = "UIInterfaceOrientationPortrait UIInterfaceOrientationLandscapeLeft UIInterfaceOrientationLandscapeRight";
				IPHONEOS_DEPLOYMENT_TARGET = 13.0;
				LD_RUNPATH_SEARCH_PATHS = (
					"$(inherited)",
					"@executable_path/Frameworks",
				);
				LIBRARY_SEARCH_PATHS = (
					"$(inherited)",
					"$(PROJECT_DIR)/Lina/Libraries/Simulator",
					"$(PROJECT_DIR)/Lina/Libraries/macosx-x86_64",
				);
				MARKETING_VERSION = 1.0;
				PRODUCT_BUNDLE_IDENTIFIER = com.0xilis.Lina;
				PRODUCT_NAME = "$(TARGET_NAME)";
				SUPPORTS_MACCATALYST = NO;
				SWIFT_EMIT_LOC_STRINGS = YES;
				SWIFT_OBJC_BRIDGING_HEADER = "Lina/libNeoAppleArchive/Lina-Bridging-Header.h";
				SWIFT_VERSION = 5.0;
				TARGETED_DEVICE_FAMILY = "1,2";
			};
			name = Release;
		};
		B098702D2DE7815E007F64B5 /* Debug */ = {
			isa = XCBuildConfiguration;
			buildSettings = {
				CODE_SIGN_ENTITLEMENTS = LinaIntents/LinaIntents.entitlements;
				CODE_SIGN_IDENTITY = "Apple Development";
				CODE_SIGN_STYLE = Automatic;
				CURRENT_PROJECT_VERSION = 1;
				DEVELOPMENT_TEAM = RR5WP5NG77;
				ENABLE_BITCODE = NO;
				FRAMEWORK_SEARCH_PATHS = (
					"$(inherited)",
					"$(PROJECT_DIR)/Lina/Libraries",
				);
				GENERATE_INFOPLIST_FILE = YES;
				HEADER_SEARCH_PATHS = (
					"\"$(SRCROOT)/Lina/Modules\"",
					"\"$(SRCROOT)/Lina/Modules/libNeoAppleArchive\"",
				);
				INFOPLIST_FILE = LinaIntents/Info.plist;
				INFOPLIST_KEY_CFBundleDisplayName = LinaIntents;
				INFOPLIST_KEY_NSHumanReadableCopyright = "";
				IPHONEOS_DEPLOYMENT_TARGET = 13.0;
				LD_RUNPATH_SEARCH_PATHS = (
					"$(inherited)",
					"@executable_path/Frameworks",
					"@executable_path/../../Frameworks",
				);
				LIBRARY_SEARCH_PATHS = (
					"$(inherited)",
					"$(PROJECT_DIR)/Lina/Libraries/Simulator",
					"$(PROJECT_DIR)/Lina/Libraries/NeoAppleArchive.framework",
					"$(PROJECT_DIR)/Lina/Libraries/Simulator-debug",
				);
				MARKETING_VERSION = 1.0;
				PRODUCT_BUNDLE_IDENTIFIER = com.0xilis.Lina.LinaIntents;
				PRODUCT_NAME = "$(TARGET_NAME)";
				SKIP_INSTALL = YES;
				SUPPORTS_MACCATALYST = NO;
				SWIFT_EMIT_LOC_STRINGS = YES;
				SWIFT_VERSION = 5.0;
				TARGETED_DEVICE_FAMILY = "1,2";
			};
			name = Debug;
		};
		B098702E2DE7815E007F64B5 /* Release */ = {
			isa = XCBuildConfiguration;
			buildSettings = {
				CODE_SIGN_ENTITLEMENTS = LinaIntents/LinaIntents.entitlements;
				CODE_SIGN_IDENTITY = "iPhone Distribution";
				CODE_SIGN_STYLE = Manual;
				CURRENT_PROJECT_VERSION = 1;
				DEVELOPMENT_TEAM = RR5WP5NG77;
				ENABLE_BITCODE = NO;
				FRAMEWORK_SEARCH_PATHS = (
					"$(inherited)",
					"$(PROJECT_DIR)/Lina/Libraries",
				);
				GENERATE_INFOPLIST_FILE = YES;
				HEADER_SEARCH_PATHS = (
					"\"$(SRCROOT)/Lina/Modules\"",
					"\"$(SRCROOT)/Lina/Modules/libNeoAppleArchive\"",
				);
				INFOPLIST_FILE = LinaIntents/Info.plist;
				INFOPLIST_KEY_CFBundleDisplayName = LinaIntents;
				INFOPLIST_KEY_NSHumanReadableCopyright = "";
				IPHONEOS_DEPLOYMENT_TARGET = 13.0;
				LD_RUNPATH_SEARCH_PATHS = (
					"$(inherited)",
					"@executable_path/Frameworks",
					"@executable_path/../../Frameworks",
				);
				LIBRARY_SEARCH_PATHS = (
					"$(inherited)",
					"$(PROJECT_DIR)/Lina/Libraries/Simulator",
					"$(PROJECT_DIR)/Lina/Libraries/NeoAppleArchive.framework",
					"$(PROJECT_DIR)/Lina/Libraries/Simulator-debug",
				);
				MARKETING_VERSION = 1.0;
				PRODUCT_BUNDLE_IDENTIFIER = com.0xilis.Lina.LinaIntents;
				PRODUCT_NAME = "$(TARGET_NAME)";
				PROVISIONING_PROFILE_SPECIFIER = "Lina Intests Distribution Profile (28/05/2025)";
				SKIP_INSTALL = YES;
				SUPPORTS_MACCATALYST = NO;
				SWIFT_EMIT_LOC_STRINGS = YES;
				SWIFT_VERSION = 5.0;
				TARGETED_DEVICE_FAMILY = "1,2";
			};
			name = Release;
		};
/* End XCBuildConfiguration section */

/* Begin XCConfigurationList section */
		B08D03A72DD920BD003847D7 /* Build configuration list for PBXProject "Lina" */ = {
			isa = XCConfigurationList;
			buildConfigurations = (
				B08D03BE2DD920C3003847D7 /* Debug */,
				B08D03BF2DD920C3003847D7 /* Release */,
			);
			defaultConfigurationIsVisible = 0;
			defaultConfigurationName = Release;
		};
		B08D03C02DD920C3003847D7 /* Build configuration list for PBXNativeTarget "Lina" */ = {
			isa = XCConfigurationList;
			buildConfigurations = (
				B08D03C12DD920C3003847D7 /* Debug */,
				B08D03C22DD920C3003847D7 /* Release */,
			);
			defaultConfigurationIsVisible = 0;
			defaultConfigurationName = Release;
		};
		B08D03E82DD92E58003847D7 /* Build configuration list for PBXNativeTarget "Lina Simulator" */ = {
			isa = XCConfigurationList;
			buildConfigurations = (
				B08D03E92DD92E58003847D7 /* Debug */,
				B08D03EA2DD92E58003847D7 /* Release */,
			);
			defaultConfigurationIsVisible = 0;
			defaultConfigurationName = Release;
		};
		B098702C2DE7815E007F64B5 /* Build configuration list for PBXNativeTarget "LinaIntents" */ = {
			isa = XCConfigurationList;
			buildConfigurations = (
				B098702D2DE7815E007F64B5 /* Debug */,
				B098702E2DE7815E007F64B5 /* Release */,
			);
			defaultConfigurationIsVisible = 0;
			defaultConfigurationName = Release;
		};
/* End XCConfigurationList section */

/* Begin XCRemoteSwiftPackageReference section */
		B0271F232DDA57030085EF03 /* XCRemoteSwiftPackageReference "UIOnboarding" */ = {
			isa = XCRemoteSwiftPackageReference;
			repositoryURL = "https://github.com/lascic/UIOnboarding";
			requirement = {
				branch = main;
				kind = branch;
			};
		};
/* End XCRemoteSwiftPackageReference section */

/* Begin XCSwiftPackageProductDependency section */
		B0271F242DDA57030085EF03 /* UIOnboarding */ = {
			isa = XCSwiftPackageProductDependency;
			package = B0271F232DDA57030085EF03 /* XCRemoteSwiftPackageReference "UIOnboarding" */;
			productName = UIOnboarding;
		};
		B0271F262DDA8E220085EF03 /* UIOnboarding */ = {
			isa = XCSwiftPackageProductDependency;
			package = B0271F232DDA57030085EF03 /* XCRemoteSwiftPackageReference "UIOnboarding" */;
			productName = UIOnboarding;
		};
/* End XCSwiftPackageProductDependency section */
	};
	rootObject = B08D03A42DD920BD003847D7 /* Project object */;
}
